
Microsoft Visual Studio Solution File, Format Version 12.00
# Visual Studio Version 16
VisualStudioVersion = 16.0.29926.136
MinimumVisualStudioVersion = 10.0.40219.1
Project("{FAE04EC0-301F-11D3-BF4B-00C04F79EFBC}") = "Hangar", "Hangar\Hangar.csproj", "{3F1CE8EC-BE6A-45BA-8BEF-0B8F05D73EDE}"
EndProject
Project("{FAE04EC0-301F-11D3-BF4B-00C04F79EFBC}") = "Hangar.Tests", "Hangar.Tests\Hangar.Tests.csproj", "{0A14CBD4-FC7F-4178-99D8-97846A91174E}"
EndProject
Global
	GlobalSection(SolutionConfigurationPlatforms) = preSolution
		Debug|Any CPU = Debug|Any CPU
		Release|Any CPU = Release|Any CPU
	EndGlobalSection
	GlobalSection(ProjectConfigurationPlatforms) = postSolution
		{3F1CE8EC-BE6A-45BA-8BEF-0B8F05D73EDE}.Debug|Any CPU.ActiveCfg = Debug|Any CPU
		{3F1CE8EC-BE6A-45BA-8BEF-0B8F05D73EDE}.Debug|Any CPU.Build.0 = Debug|Any CPU
		{3F1CE8EC-BE6A-45BA-8BEF-0B8F05D73EDE}.Release|Any CPU.ActiveCfg = Release|Any CPU
		{3F1CE8EC-BE6A-45BA-8BEF-0B8F05D73EDE}.Release|Any CPU.Build.0 = Release|Any CPU
		{0A14CBD4-FC7F-4178-99D8-97846A91174E}.Debug|Any CPU.ActiveCfg = Debug|Any CPU
		{0A14CBD4-FC7F-4178-99D8-97846A91174E}.Debug|Any CPU.Build.0 = Debug|Any CPU
		{0A14CBD4-FC7F-4178-99D8-97846A91174E}.Release|Any CPU.ActiveCfg = Release|Any CPU
		{0A14CBD4-FC7F-4178-99D8-97846A91174E}.Release|Any CPU.Build.0 = Release|Any CPU
	EndGlobalSection
	GlobalSection(SolutionProperties) = preSolution
		HideSolutionNode = FALSE
	EndGlobalSection
	GlobalSection(ExtensibilityGlobals) = postSolution
		SolutionGuid = {19C14796-4643-4337-B124-F56BD0EDDC5A}
	EndGlobalSection
EndGlobal
